
Microsoft Visual Studio Solution File, Format Version 12.00
# Visual Studio Version 17
VisualStudioVersion = 17.13.35818.85
MinimumVisualStudioVersion = 10.0.40219.1
Project("{FAE04EC0-301F-11D3-BF4B-00C04F79EFBC}") = "MauiBlazor", "MauiBlazor\MauiBlazor.csproj", "{621D982D-7394-49A8-9D35-438E3DC81CC2}"
EndProject
Global
	GlobalSection(SolutionConfigurationPlatforms) = preSolution
		Debug|Any CPU = Debug|Any CPU
		Release|Any CPU = Release|Any CPU
	EndGlobalSection
	GlobalSection(ProjectConfigurationPlatforms) = postSolution
		{621D982D-7394-49A8-9D35-438E3DC81CC2}.Debug|Any CPU.ActiveCfg = Debug|Any CPU
		{621D982D-7394-49A8-9D35-438E3DC81CC2}.Debug|Any CPU.Build.0 = Debug|Any CPU
		{621D982D-7394-49A8-9D35-438E3DC81CC2}.Release|Any CPU.ActiveCfg = Release|Any CPU
		{621D982D-7394-49A8-9D35-438E3DC81CC2}.Release|Any CPU.Build.0 = Release|Any CPU
	EndGlobalSection
	GlobalSection(SolutionProperties) = preSolution
		HideSolutionNode = FALSE
	EndGlobalSection
	GlobalSection(ExtensibilityGlobals) = postSolution
		SolutionGuid = {C138A19B-85D8-4BAB-AE59-7EE245DA61DC}
	EndGlobalSection
EndGlobal
